// !$*UTF8*$!
{
	archiveVersion = 1;
	classes = {
	};
	objectVersion = 56;
	objects = {

/* Begin PBXBuildFile section */
		426BF2EF29AAF27300B2192B /* A.rcproject in Sources */ = {isa = PBXBuildFile; fileRef = 426BF2EE29AAF27300B2192B /* A.rcproject */; };
		426BF2FE29AB013300B2192B /* C.rcproject in Sources */ = {isa = PBXBuildFile; fileRef = 426BF2FA29AB013000B2192B /* C.rcproject */; };
		426BF2FF29AB013300B2192B /* D.rcproject in Sources */ = {isa = PBXBuildFile; fileRef = 426BF2FB29AB013100B2192B /* D.rcproject */; };
		426BF30029AB013300B2192B /* B.rcproject in Sources */ = {isa = PBXBuildFile; fileRef = 426BF2FC29AB013200B2192B /* B.rcproject */; };
		426BF30129AB013300B2192B /* E.rcproject in Sources */ = {isa = PBXBuildFile; fileRef = 426BF2FD29AB013300B2192B /* E.rcproject */; };
		426BF31129AB02EB00B2192B /* InterpretASLViewController.swift in Sources */ = {isa = PBXBuildFile; fileRef = 426BF31029AB02EB00B2192B /* InterpretASLViewController.swift */; };
		426BF32729AB1A5900B2192B /* S.rcproject in Sources */ = {isa = PBXBuildFile; fileRef = 426BF31229AB1A4F00B2192B /* S.rcproject */; };
		426BF32829AB1A5900B2192B /* J.rcproject in Sources */ = {isa = PBXBuildFile; fileRef = 426BF31329AB1A4F00B2192B /* J.rcproject */; };
		426BF32929AB1A5900B2192B /* O.rcproject in Sources */ = {isa = PBXBuildFile; fileRef = 426BF31429AB1A5000B2192B /* O.rcproject */; };
		426BF32A29AB1A5900B2192B /* H.rcproject in Sources */ = {isa = PBXBuildFile; fileRef = 426BF31529AB1A5000B2192B /* H.rcproject */; };
		426BF32B29AB1A5900B2192B /* X.rcproject in Sources */ = {isa = PBXBuildFile; fileRef = 426BF31629AB1A5100B2192B /* X.rcproject */; };
		426BF32C29AB1A5900B2192B /* R.rcproject in Sources */ = {isa = PBXBuildFile; fileRef = 426BF31729AB1A5100B2192B /* R.rcproject */; };
		426BF32D29AB1A5900B2192B /* Z.rcproject in Sources */ = {isa = PBXBuildFile; fileRef = 426BF31829AB1A5200B2192B /* Z.rcproject */; };
		426BF32E29AB1A5900B2192B /* M.rcproject in Sources */ = {isa = PBXBuildFile; fileRef = 426BF31929AB1A5200B2192B /* M.rcproject */; };
		426BF32F29AB1A5900B2192B /* Q.rcproject in Sources */ = {isa = PBXBuildFile; fileRef = 426BF31A29AB1A5300B2192B /* Q.rcproject */; };
		426BF33029AB1A5900B2192B /* V.rcproject in Sources */ = {isa = PBXBuildFile; fileRef = 426BF31B29AB1A5300B2192B /* V.rcproject */; };
		426BF33129AB1A5900B2192B /* Y.rcproject in Sources */ = {isa = PBXBuildFile; fileRef = 426BF31C29AB1A5300B2192B /* Y.rcproject */; };
		426BF33229AB1A5900B2192B /* W.rcproject in Sources */ = {isa = PBXBuildFile; fileRef = 426BF31D29AB1A5400B2192B /* W.rcproject */; };
		426BF33329AB1A5900B2192B /* L.rcproject in Sources */ = {isa = PBXBuildFile; fileRef = 426BF31E29AB1A5500B2192B /* L.rcproject */; };
		426BF33429AB1A5900B2192B /* N.rcproject in Sources */ = {isa = PBXBuildFile; fileRef = 426BF31F29AB1A5500B2192B /* N.rcproject */; };
		426BF33529AB1A5900B2192B /* U.rcproject in Sources */ = {isa = PBXBuildFile; fileRef = 426BF32029AB1A5600B2192B /* U.rcproject */; };
		426BF33629AB1A5900B2192B /* I.rcproject in Sources */ = {isa = PBXBuildFile; fileRef = 426BF32129AB1A5600B2192B /* I.rcproject */; };
		426BF33729AB1A5900B2192B /* P.rcproject in Sources */ = {isa = PBXBuildFile; fileRef = 426BF32229AB1A5700B2192B /* P.rcproject */; };
		426BF33829AB1A5900B2192B /* K.rcproject in Sources */ = {isa = PBXBuildFile; fileRef = 426BF32329AB1A5800B2192B /* K.rcproject */; };
		426BF33929AB1A5900B2192B /* F.rcproject in Sources */ = {isa = PBXBuildFile; fileRef = 426BF32429AB1A5800B2192B /* F.rcproject */; };
		426BF33A29AB1A5900B2192B /* G.rcproject in Sources */ = {isa = PBXBuildFile; fileRef = 426BF32529AB1A5800B2192B /* G.rcproject */; };
		426BF33B29AB1A5900B2192B /* T.rcproject in Sources */ = {isa = PBXBuildFile; fileRef = 426BF32629AB1A5900B2192B /* T.rcproject */; };
		7122936B29A9D6CC00C2AD1C /* AppDelegate.swift in Sources */ = {isa = PBXBuildFile; fileRef = 7122936A29A9D6CC00C2AD1C /* AppDelegate.swift */; };
		7122936D29A9D6CC00C2AD1C /* ViewController.swift in Sources */ = {isa = PBXBuildFile; fileRef = 7122936C29A9D6CC00C2AD1C /* ViewController.swift */; };
		7122937229A9D6CC00C2AD1C /* Main.storyboard in Resources */ = {isa = PBXBuildFile; fileRef = 7122937029A9D6CC00C2AD1C /* Main.storyboard */; };
		7122937429A9D6CD00C2AD1C /* Assets.xcassets in Resources */ = {isa = PBXBuildFile; fileRef = 7122937329A9D6CD00C2AD1C /* Assets.xcassets */; };
		7122937729A9D6CD00C2AD1C /* LaunchScreen.storyboard in Resources */ = {isa = PBXBuildFile; fileRef = 7122937529A9D6CD00C2AD1C /* LaunchScreen.storyboard */; };
		7122938129A9D6CD00C2AD1C /* gestureTests.swift in Sources */ = {isa = PBXBuildFile; fileRef = 7122938029A9D6CD00C2AD1C /* gestureTests.swift */; };
		7122938B29A9D6CD00C2AD1C /* gestureUITests.swift in Sources */ = {isa = PBXBuildFile; fileRef = 7122938A29A9D6CD00C2AD1C /* gestureUITests.swift */; };
		7122938D29A9D6CD00C2AD1C /* gestureUITestsLaunchTests.swift in Sources */ = {isa = PBXBuildFile; fileRef = 7122938C29A9D6CD00C2AD1C /* gestureUITestsLaunchTests.swift */; };
		7122939A29A9EB9B00C2AD1C /* learnASL.swift in Sources */ = {isa = PBXBuildFile; fileRef = 7122939929A9EB9B00C2AD1C /* learnASL.swift */; };
		712293A429AA8B2000C2AD1C /* detect.mlpackage in Sources */ = {isa = PBXBuildFile; fileRef = 712293A329AA8B2000C2AD1C /* detect.mlpackage */; };
/* End PBXBuildFile section */

/* Begin PBXContainerItemProxy section */
		7122937D29A9D6CD00C2AD1C /* PBXContainerItemProxy */ = {
			isa = PBXContainerItemProxy;
			containerPortal = 7122935F29A9D6CC00C2AD1C /* Project object */;
			proxyType = 1;
			remoteGlobalIDString = 7122936629A9D6CC00C2AD1C;
			remoteInfo = gesture;
		};
		7122938729A9D6CD00C2AD1C /* PBXContainerItemProxy */ = {
			isa = PBXContainerItemProxy;
			containerPortal = 7122935F29A9D6CC00C2AD1C /* Project object */;
			proxyType = 1;
			remoteGlobalIDString = 7122936629A9D6CC00C2AD1C;
			remoteInfo = gesture;
		};
/* End PBXContainerItemProxy section */

/* Begin PBXFileReference section */
		426BF2E329AAAEC200B2192B /* Info.plist */ = {isa = PBXFileReference; lastKnownFileType = text.plist; path = Info.plist; sourceTree = "<group>"; };
		426BF2EE29AAF27300B2192B /* A.rcproject */ = {isa = PBXFileReference; lastKnownFileType = file.rcproject; path = A.rcproject; sourceTree = "<group>"; };
		426BF2FA29AB013000B2192B /* C.rcproject */ = {isa = PBXFileReference; lastKnownFileType = file.rcproject; path = C.rcproject; sourceTree = "<group>"; };
		426BF2FB29AB013100B2192B /* D.rcproject */ = {isa = PBXFileReference; lastKnownFileType = file.rcproject; path = D.rcproject; sourceTree = "<group>"; };
		426BF2FC29AB013200B2192B /* B.rcproject */ = {isa = PBXFileReference; lastKnownFileType = file.rcproject; path = B.rcproject; sourceTree = "<group>"; };
		426BF2FD29AB013300B2192B /* E.rcproject */ = {isa = PBXFileReference; lastKnownFileType = file.rcproject; path = E.rcproject; sourceTree = "<group>"; };
		426BF31029AB02EB00B2192B /* InterpretASLViewController.swift */ = {isa = PBXFileReference; lastKnownFileType = sourcecode.swift; path = InterpretASLViewController.swift; sourceTree = "<group>"; };
		426BF31229AB1A4F00B2192B /* S.rcproject */ = {isa = PBXFileReference; lastKnownFileType = file.rcproject; path = S.rcproject; sourceTree = "<group>"; };
		426BF31329AB1A4F00B2192B /* J.rcproject */ = {isa = PBXFileReference; lastKnownFileType = file.rcproject; path = J.rcproject; sourceTree = "<group>"; };
		426BF31429AB1A5000B2192B /* O.rcproject */ = {isa = PBXFileReference; lastKnownFileType = file.rcproject; path = O.rcproject; sourceTree = "<group>"; };
		426BF31529AB1A5000B2192B /* H.rcproject */ = {isa = PBXFileReference; lastKnownFileType = file.rcproject; path = H.rcproject; sourceTree = "<group>"; };
		426BF31629AB1A5100B2192B /* X.rcproject */ = {isa = PBXFileReference; lastKnownFileType = file.rcproject; path = X.rcproject; sourceTree = "<group>"; };
		426BF31729AB1A5100B2192B /* R.rcproject */ = {isa = PBXFileReference; lastKnownFileType = file.rcproject; path = R.rcproject; sourceTree = "<group>"; };
		426BF31829AB1A5200B2192B /* Z.rcproject */ = {isa = PBXFileReference; lastKnownFileType = file.rcproject; path = Z.rcproject; sourceTree = "<group>"; };
		426BF31929AB1A5200B2192B /* M.rcproject */ = {isa = PBXFileReference; lastKnownFileType = file.rcproject; path = M.rcproject; sourceTree = "<group>"; };
		426BF31A29AB1A5300B2192B /* Q.rcproject */ = {isa = PBXFileReference; lastKnownFileType = file.rcproject; path = Q.rcproject; sourceTree = "<group>"; };
		426BF31B29AB1A5300B2192B /* V.rcproject */ = {isa = PBXFileReference; lastKnownFileType = file.rcproject; path = V.rcproject; sourceTree = "<group>"; };
		426BF31C29AB1A5300B2192B /* Y.rcproject */ = {isa = PBXFileReference; lastKnownFileType = file.rcproject; path = Y.rcproject; sourceTree = "<group>"; };
		426BF31D29AB1A5400B2192B /* W.rcproject */ = {isa = PBXFileReference; lastKnownFileType = file.rcproject; path = W.rcproject; sourceTree = "<group>"; };
		426BF31E29AB1A5500B2192B /* L.rcproject */ = {isa = PBXFileReference; lastKnownFileType = file.rcproject; path = L.rcproject; sourceTree = "<group>"; };
		426BF31F29AB1A5500B2192B /* N.rcproject */ = {isa = PBXFileReference; lastKnownFileType = file.rcproject; path = N.rcproject; sourceTree = "<group>"; };
		426BF32029AB1A5600B2192B /* U.rcproject */ = {isa = PBXFileReference; lastKnownFileType = file.rcproject; path = U.rcproject; sourceTree = "<group>"; };
		426BF32129AB1A5600B2192B /* I.rcproject */ = {isa = PBXFileReference; lastKnownFileType = file.rcproject; path = I.rcproject; sourceTree = "<group>"; };
		426BF32229AB1A5700B2192B /* P.rcproject */ = {isa = PBXFileReference; lastKnownFileType = file.rcproject; path = P.rcproject; sourceTree = "<group>"; };
		426BF32329AB1A5800B2192B /* K.rcproject */ = {isa = PBXFileReference; lastKnownFileType = file.rcproject; path = K.rcproject; sourceTree = "<group>"; };
		426BF32429AB1A5800B2192B /* F.rcproject */ = {isa = PBXFileReference; lastKnownFileType = file.rcproject; path = F.rcproject; sourceTree = "<group>"; };
		426BF32529AB1A5800B2192B /* G.rcproject */ = {isa = PBXFileReference; lastKnownFileType = file.rcproject; path = G.rcproject; sourceTree = "<group>"; };
		426BF32629AB1A5900B2192B /* T.rcproject */ = {isa = PBXFileReference; lastKnownFileType = file.rcproject; path = T.rcproject; sourceTree = "<group>"; };
		7122936729A9D6CC00C2AD1C /* gesture.app */ = {isa = PBXFileReference; explicitFileType = wrapper.application; includeInIndex = 0; path = gesture.app; sourceTree = BUILT_PRODUCTS_DIR; };
		7122936A29A9D6CC00C2AD1C /* AppDelegate.swift */ = {isa = PBXFileReference; lastKnownFileType = sourcecode.swift; path = AppDelegate.swift; sourceTree = "<group>"; };
		7122936C29A9D6CC00C2AD1C /* ViewController.swift */ = {isa = PBXFileReference; lastKnownFileType = sourcecode.swift; path = ViewController.swift; sourceTree = "<group>"; };
		7122937129A9D6CC00C2AD1C /* Base */ = {isa = PBXFileReference; lastKnownFileType = file.storyboard; name = Base; path = Base.lproj/Main.storyboard; sourceTree = "<group>"; };
		7122937329A9D6CD00C2AD1C /* Assets.xcassets */ = {isa = PBXFileReference; lastKnownFileType = folder.assetcatalog; path = Assets.xcassets; sourceTree = "<group>"; };
		7122937629A9D6CD00C2AD1C /* Base */ = {isa = PBXFileReference; lastKnownFileType = file.storyboard; name = Base; path = Base.lproj/LaunchScreen.storyboard; sourceTree = "<group>"; };
		7122937C29A9D6CD00C2AD1C /* gestureTests.xctest */ = {isa = PBXFileReference; explicitFileType = wrapper.cfbundle; includeInIndex = 0; path = gestureTests.xctest; sourceTree = BUILT_PRODUCTS_DIR; };
		7122938029A9D6CD00C2AD1C /* gestureTests.swift */ = {isa = PBXFileReference; lastKnownFileType = sourcecode.swift; path = gestureTests.swift; sourceTree = "<group>"; };
		7122938629A9D6CD00C2AD1C /* gestureUITests.xctest */ = {isa = PBXFileReference; explicitFileType = wrapper.cfbundle; includeInIndex = 0; path = gestureUITests.xctest; sourceTree = BUILT_PRODUCTS_DIR; };
		7122938A29A9D6CD00C2AD1C /* gestureUITests.swift */ = {isa = PBXFileReference; lastKnownFileType = sourcecode.swift; path = gestureUITests.swift; sourceTree = "<group>"; };
		7122938C29A9D6CD00C2AD1C /* gestureUITestsLaunchTests.swift */ = {isa = PBXFileReference; lastKnownFileType = sourcecode.swift; path = gestureUITestsLaunchTests.swift; sourceTree = "<group>"; };
		7122939929A9EB9B00C2AD1C /* learnASL.swift */ = {isa = PBXFileReference; lastKnownFileType = sourcecode.swift; path = learnASL.swift; sourceTree = "<group>"; };
		712293A329AA8B2000C2AD1C /* detect.mlpackage */ = {isa = PBXFileReference; lastKnownFileType = folder.mlpackage; path = detect.mlpackage; sourceTree = "<group>"; };
/* End PBXFileReference section */

/* Begin PBXFrameworksBuildPhase section */
		7122936429A9D6CC00C2AD1C /* Frameworks */ = {
			isa = PBXFrameworksBuildPhase;
			buildActionMask = 2147483647;
			files = (
			);
			runOnlyForDeploymentPostprocessing = 0;
		};
		7122937929A9D6CD00C2AD1C /* Frameworks */ = {
			isa = PBXFrameworksBuildPhase;
			buildActionMask = 2147483647;
			files = (
			);
			runOnlyForDeploymentPostprocessing = 0;
		};
		7122938329A9D6CD00C2AD1C /* Frameworks */ = {
			isa = PBXFrameworksBuildPhase;
			buildActionMask = 2147483647;
			files = (
			);
			runOnlyForDeploymentPostprocessing = 0;
		};
/* End PBXFrameworksBuildPhase section */

/* Begin PBXGroup section */
		7122935E29A9D6CC00C2AD1C = {
			isa = PBXGroup;
			children = (
				7122936929A9D6CC00C2AD1C /* gesture */,
				7122937F29A9D6CD00C2AD1C /* gestureTests */,
				7122938929A9D6CD00C2AD1C /* gestureUITests */,
				7122936829A9D6CC00C2AD1C /* Products */,
			);
			sourceTree = "<group>";
		};
		7122936829A9D6CC00C2AD1C /* Products */ = {
			isa = PBXGroup;
			children = (
				7122936729A9D6CC00C2AD1C /* gesture.app */,
				7122937C29A9D6CD00C2AD1C /* gestureTests.xctest */,
				7122938629A9D6CD00C2AD1C /* gestureUITests.xctest */,
			);
			name = Products;
			sourceTree = "<group>";
		};
		7122936929A9D6CC00C2AD1C /* gesture */ = {
			isa = PBXGroup;
			children = (
				426BF2E329AAAEC200B2192B /* Info.plist */,
				712293A329AA8B2000C2AD1C /* detect.mlpackage */,
				7122936A29A9D6CC00C2AD1C /* AppDelegate.swift */,
				7122936C29A9D6CC00C2AD1C /* ViewController.swift */,
				7122939929A9EB9B00C2AD1C /* learnASL.swift */,
				426BF31029AB02EB00B2192B /* InterpretASLViewController.swift */,
				7122937029A9D6CC00C2AD1C /* Main.storyboard */,
				426BF2EE29AAF27300B2192B /* A.rcproject */,
				426BF2FC29AB013200B2192B /* B.rcproject */,
				426BF2FA29AB013000B2192B /* C.rcproject */,
				426BF2FB29AB013100B2192B /* D.rcproject */,
				426BF2FD29AB013300B2192B /* E.rcproject */,
				426BF32429AB1A5800B2192B /* F.rcproject */,
				426BF32529AB1A5800B2192B /* G.rcproject */,
				426BF31529AB1A5000B2192B /* H.rcproject */,
				426BF32129AB1A5600B2192B /* I.rcproject */,
				426BF31329AB1A4F00B2192B /* J.rcproject */,
				426BF32329AB1A5800B2192B /* K.rcproject */,
				426BF31E29AB1A5500B2192B /* L.rcproject */,
				426BF31929AB1A5200B2192B /* M.rcproject */,
				426BF31F29AB1A5500B2192B /* N.rcproject */,
				426BF31429AB1A5000B2192B /* O.rcproject */,
				426BF32229AB1A5700B2192B /* P.rcproject */,
				426BF31A29AB1A5300B2192B /* Q.rcproject */,
				426BF31729AB1A5100B2192B /* R.rcproject */,
				426BF31229AB1A4F00B2192B /* S.rcproject */,
				426BF32629AB1A5900B2192B /* T.rcproject */,
				426BF32029AB1A5600B2192B /* U.rcproject */,
				426BF31B29AB1A5300B2192B /* V.rcproject */,
				426BF31D29AB1A5400B2192B /* W.rcproject */,
				426BF31629AB1A5100B2192B /* X.rcproject */,
				426BF31C29AB1A5300B2192B /* Y.rcproject */,
				426BF31829AB1A5200B2192B /* Z.rcproject */,
				7122937329A9D6CD00C2AD1C /* Assets.xcassets */,
				7122937529A9D6CD00C2AD1C /* LaunchScreen.storyboard */,
			);
			path = gesture;
			sourceTree = "<group>";
		};
		7122937F29A9D6CD00C2AD1C /* gestureTests */ = {
			isa = PBXGroup;
			children = (
				7122938029A9D6CD00C2AD1C /* gestureTests.swift */,
			);
			path = gestureTests;
			sourceTree = "<group>";
		};
		7122938929A9D6CD00C2AD1C /* gestureUITests */ = {
			isa = PBXGroup;
			children = (
				7122938A29A9D6CD00C2AD1C /* gestureUITests.swift */,
				7122938C29A9D6CD00C2AD1C /* gestureUITestsLaunchTests.swift */,
			);
			path = gestureUITests;
			sourceTree = "<group>";
		};
/* End PBXGroup section */

/* Begin PBXNativeTarget section */
		7122936629A9D6CC00C2AD1C /* gesture */ = {
			isa = PBXNativeTarget;
			buildConfigurationList = 7122939029A9D6CD00C2AD1C /* Build configuration list for PBXNativeTarget "gesture" */;
			buildPhases = (
				7122936329A9D6CC00C2AD1C /* Sources */,
				7122936429A9D6CC00C2AD1C /* Frameworks */,
				7122936529A9D6CC00C2AD1C /* Resources */,
			);
			buildRules = (
			);
			dependencies = (
			);
			name = gesture;
			productName = gesture;
			productReference = 7122936729A9D6CC00C2AD1C /* gesture.app */;
			productType = "com.apple.product-type.application";
		};
		7122937B29A9D6CD00C2AD1C /* gestureTests */ = {
			isa = PBXNativeTarget;
			buildConfigurationList = 7122939329A9D6CD00C2AD1C /* Build configuration list for PBXNativeTarget "gestureTests" */;
			buildPhases = (
				7122937829A9D6CD00C2AD1C /* Sources */,
				7122937929A9D6CD00C2AD1C /* Frameworks */,
				7122937A29A9D6CD00C2AD1C /* Resources */,
			);
			buildRules = (
			);
			dependencies = (
				7122937E29A9D6CD00C2AD1C /* PBXTargetDependency */,
			);
			name = gestureTests;
			productName = gestureTests;
			productReference = 7122937C29A9D6CD00C2AD1C /* gestureTests.xctest */;
			productType = "com.apple.product-type.bundle.unit-test";
		};
		7122938529A9D6CD00C2AD1C /* gestureUITests */ = {
			isa = PBXNativeTarget;
			buildConfigurationList = 7122939629A9D6CD00C2AD1C /* Build configuration list for PBXNativeTarget "gestureUITests" */;
			buildPhases = (
				7122938229A9D6CD00C2AD1C /* Sources */,
				7122938329A9D6CD00C2AD1C /* Frameworks */,
				7122938429A9D6CD00C2AD1C /* Resources */,
			);
			buildRules = (
			);
			dependencies = (
				7122938829A9D6CD00C2AD1C /* PBXTargetDependency */,
			);
			name = gestureUITests;
			productName = gestureUITests;
			productReference = 7122938629A9D6CD00C2AD1C /* gestureUITests.xctest */;
			productType = "com.apple.product-type.bundle.ui-testing";
		};
/* End PBXNativeTarget section */

/* Begin PBXProject section */
		7122935F29A9D6CC00C2AD1C /* Project object */ = {
			isa = PBXProject;
			attributes = {
				BuildIndependentTargetsInParallel = 1;
				LastSwiftUpdateCheck = 1400;
				LastUpgradeCheck = 1400;
				TargetAttributes = {
					7122936629A9D6CC00C2AD1C = {
						CreatedOnToolsVersion = 14.0.1;
					};
					7122937B29A9D6CD00C2AD1C = {
						CreatedOnToolsVersion = 14.0.1;
						TestTargetID = 7122936629A9D6CC00C2AD1C;
					};
					7122938529A9D6CD00C2AD1C = {
						CreatedOnToolsVersion = 14.0.1;
						TestTargetID = 7122936629A9D6CC00C2AD1C;
					};
				};
			};
			buildConfigurationList = 7122936229A9D6CC00C2AD1C /* Build configuration list for PBXProject "gesture" */;
			compatibilityVersion = "Xcode 14.0";
			developmentRegion = en;
			hasScannedForEncodings = 0;
			knownRegions = (
				en,
				Base,
			);
			mainGroup = 7122935E29A9D6CC00C2AD1C;
			productRefGroup = 7122936829A9D6CC00C2AD1C /* Products */;
			projectDirPath = "";
			projectRoot = "";
			targets = (
				7122936629A9D6CC00C2AD1C /* gesture */,
				7122937B29A9D6CD00C2AD1C /* gestureTests */,
				7122938529A9D6CD00C2AD1C /* gestureUITests */,
			);
		};
/* End PBXProject section */

/* Begin PBXResourcesBuildPhase section */
		7122936529A9D6CC00C2AD1C /* Resources */ = {
			isa = PBXResourcesBuildPhase;
			buildActionMask = 2147483647;
			files = (
				7122937729A9D6CD00C2AD1C /* LaunchScreen.storyboard in Resources */,
				7122937429A9D6CD00C2AD1C /* Assets.xcassets in Resources */,
				7122937229A9D6CC00C2AD1C /* Main.storyboard in Resources */,
			);
			runOnlyForDeploymentPostprocessing = 0;
		};
		7122937A29A9D6CD00C2AD1C /* Resources */ = {
			isa = PBXResourcesBuildPhase;
			buildActionMask = 2147483647;
			files = (
			);
			runOnlyForDeploymentPostprocessing = 0;
		};
		7122938429A9D6CD00C2AD1C /* Resources */ = {
			isa = PBXResourcesBuildPhase;
			buildActionMask = 2147483647;
			files = (
			);
			runOnlyForDeploymentPostprocessing = 0;
		};
/* End PBXResourcesBuildPhase section */

/* Begin PBXSourcesBuildPhase section */
		7122936329A9D6CC00C2AD1C /* Sources */ = {
			isa = PBXSourcesBuildPhase;
			buildActionMask = 2147483647;
			files = (
				426BF33229AB1A5900B2192B /* W.rcproject in Sources */,
				426BF32E29AB1A5900B2192B /* M.rcproject in Sources */,
				426BF2EF29AAF27300B2192B /* A.rcproject in Sources */,
				426BF33429AB1A5900B2192B /* N.rcproject in Sources */,
				426BF33B29AB1A5900B2192B /* T.rcproject in Sources */,
				426BF31129AB02EB00B2192B /* InterpretASLViewController.swift in Sources */,
				426BF2FF29AB013300B2192B /* D.rcproject in Sources */,
				426BF33629AB1A5900B2192B /* I.rcproject in Sources */,
				712293A429AA8B2000C2AD1C /* detect.mlpackage in Sources */,
				426BF32929AB1A5900B2192B /* O.rcproject in Sources */,
				426BF33529AB1A5900B2192B /* U.rcproject in Sources */,
				426BF32D29AB1A5900B2192B /* Z.rcproject in Sources */,
				426BF33329AB1A5900B2192B /* L.rcproject in Sources */,
				426BF33829AB1A5900B2192B /* K.rcproject in Sources */,
				7122936D29A9D6CC00C2AD1C /* ViewController.swift in Sources */,
				426BF2FE29AB013300B2192B /* C.rcproject in Sources */,
				426BF32C29AB1A5900B2192B /* R.rcproject in Sources */,
				426BF30129AB013300B2192B /* E.rcproject in Sources */,
				426BF33729AB1A5900B2192B /* P.rcproject in Sources */,
				426BF33029AB1A5900B2192B /* V.rcproject in Sources */,
				426BF32829AB1A5900B2192B /* J.rcproject in Sources */,
				426BF32A29AB1A5900B2192B /* H.rcproject in Sources */,
				7122936B29A9D6CC00C2AD1C /* AppDelegate.swift in Sources */,
				426BF32F29AB1A5900B2192B /* Q.rcproject in Sources */,
				426BF32B29AB1A5900B2192B /* X.rcproject in Sources */,
				426BF33A29AB1A5900B2192B /* G.rcproject in Sources */,
				426BF33129AB1A5900B2192B /* Y.rcproject in Sources */,
				7122939A29A9EB9B00C2AD1C /* learnASL.swift in Sources */,
				426BF32729AB1A5900B2192B /* S.rcproject in Sources */,
				426BF30029AB013300B2192B /* B.rcproject in Sources */,
				426BF33929AB1A5900B2192B /* F.rcproject in Sources */,
			);
			runOnlyForDeploymentPostprocessing = 0;
		};
		7122937829A9D6CD00C2AD1C /* Sources */ = {
			isa = PBXSourcesBuildPhase;
			buildActionMask = 2147483647;
			files = (
				7122938129A9D6CD00C2AD1C /* gestureTests.swift in Sources */,
			);
			runOnlyForDeploymentPostprocessing = 0;
		};
		7122938229A9D6CD00C2AD1C /* Sources */ = {
			isa = PBXSourcesBuildPhase;
			buildActionMask = 2147483647;
			files = (
				7122938D29A9D6CD00C2AD1C /* gestureUITestsLaunchTests.swift in Sources */,
				7122938B29A9D6CD00C2AD1C /* gestureUITests.swift in Sources */,
			);
			runOnlyForDeploymentPostprocessing = 0;
		};
/* End PBXSourcesBuildPhase section */

/* Begin PBXTargetDependency section */
		7122937E29A9D6CD00C2AD1C /* PBXTargetDependency */ = {
			isa = PBXTargetDependency;
			target = 7122936629A9D6CC00C2AD1C /* gesture */;
			targetProxy = 7122937D29A9D6CD00C2AD1C /* PBXContainerItemProxy */;
		};
		7122938829A9D6CD00C2AD1C /* PBXTargetDependency */ = {
			isa = PBXTargetDependency;
			target = 7122936629A9D6CC00C2AD1C /* gesture */;
			targetProxy = 7122938729A9D6CD00C2AD1C /* PBXContainerItemProxy */;
		};
/* End PBXTargetDependency section */

/* Begin PBXVariantGroup section */
		7122937029A9D6CC00C2AD1C /* Main.storyboard */ = {
			isa = PBXVariantGroup;
			children = (
				7122937129A9D6CC00C2AD1C /* Base */,
			);
			name = Main.storyboard;
			sourceTree = "<group>";
		};
		7122937529A9D6CD00C2AD1C /* LaunchScreen.storyboard */ = {
			isa = PBXVariantGroup;
			children = (
				7122937629A9D6CD00C2AD1C /* Base */,
			);
			name = LaunchScreen.storyboard;
			sourceTree = "<group>";
		};
/* End PBXVariantGroup section */

/* Begin XCBuildConfiguration section */
		7122938E29A9D6CD00C2AD1C /* Debug */ = {
			isa = XCBuildConfiguration;
			buildSettings = {
				ALWAYS_SEARCH_USER_PATHS = NO;
				CLANG_ANALYZER_NONNULL = YES;
				CLANG_ANALYZER_NUMBER_OBJECT_CONVERSION = YES_AGGRESSIVE;
				CLANG_CXX_LANGUAGE_STANDARD = "gnu++20";
				CLANG_ENABLE_MODULES = YES;
				CLANG_ENABLE_OBJC_ARC = YES;
				CLANG_ENABLE_OBJC_WEAK = YES;
				CLANG_WARN_BLOCK_CAPTURE_AUTORELEASING = YES;
				CLANG_WARN_BOOL_CONVERSION = YES;
				CLANG_WARN_COMMA = YES;
				CLANG_WARN_CONSTANT_CONVERSION = YES;
				CLANG_WARN_DEPRECATED_OBJC_IMPLEMENTATIONS = YES;
				CLANG_WARN_DIRECT_OBJC_ISA_USAGE = YES_ERROR;
				CLANG_WARN_DOCUMENTATION_COMMENTS = YES;
				CLANG_WARN_EMPTY_BODY = YES;
				CLANG_WARN_ENUM_CONVERSION = YES;
				CLANG_WARN_INFINITE_RECURSION = YES;
				CLANG_WARN_INT_CONVERSION = YES;
				CLANG_WARN_NON_LITERAL_NULL_CONVERSION = YES;
				CLANG_WARN_OBJC_IMPLICIT_RETAIN_SELF = YES;
				CLANG_WARN_OBJC_LITERAL_CONVERSION = YES;
				CLANG_WARN_OBJC_ROOT_CLASS = YES_ERROR;
				CLANG_WARN_QUOTED_INCLUDE_IN_FRAMEWORK_HEADER = YES;
				CLANG_WARN_RANGE_LOOP_ANALYSIS = YES;
				CLANG_WARN_STRICT_PROTOTYPES = YES;
				CLANG_WARN_SUSPICIOUS_MOVE = YES;
				CLANG_WARN_UNGUARDED_AVAILABILITY = YES_AGGRESSIVE;
				CLANG_WARN_UNREACHABLE_CODE = YES;
				CLANG_WARN__DUPLICATE_METHOD_MATCH = YES;
				COPY_PHASE_STRIP = NO;
				DEBUG_INFORMATION_FORMAT = dwarf;
				ENABLE_STRICT_OBJC_MSGSEND = YES;
				ENABLE_TESTABILITY = YES;
				GCC_C_LANGUAGE_STANDARD = gnu11;
				GCC_DYNAMIC_NO_PIC = NO;
				GCC_NO_COMMON_BLOCKS = YES;
				GCC_OPTIMIZATION_LEVEL = 0;
				GCC_PREPROCESSOR_DEFINITIONS = (
					"DEBUG=1",
					"$(inherited)",
				);
				GCC_WARN_64_TO_32_BIT_CONVERSION = YES;
				GCC_WARN_ABOUT_RETURN_TYPE = YES_ERROR;
				GCC_WARN_UNDECLARED_SELECTOR = YES;
				GCC_WARN_UNINITIALIZED_AUTOS = YES_AGGRESSIVE;
				GCC_WARN_UNUSED_FUNCTION = YES;
				GCC_WARN_UNUSED_VARIABLE = YES;
				IPHONEOS_DEPLOYMENT_TARGET = 16.0;
				MTL_ENABLE_DEBUG_INFO = INCLUDE_SOURCE;
				MTL_FAST_MATH = YES;
				ONLY_ACTIVE_ARCH = YES;
				SDKROOT = iphoneos;
				SWIFT_ACTIVE_COMPILATION_CONDITIONS = DEBUG;
				SWIFT_OPTIMIZATION_LEVEL = "-Onone";
			};
			name = Debug;
		};
		7122938F29A9D6CD00C2AD1C /* Release */ = {
			isa = XCBuildConfiguration;
			buildSettings = {
				ALWAYS_SEARCH_USER_PATHS = NO;
				CLANG_ANALYZER_NONNULL = YES;
				CLANG_ANALYZER_NUMBER_OBJECT_CONVERSION = YES_AGGRESSIVE;
				CLANG_CXX_LANGUAGE_STANDARD = "gnu++20";
				CLANG_ENABLE_MODULES = YES;
				CLANG_ENABLE_OBJC_ARC = YES;
				CLANG_ENABLE_OBJC_WEAK = YES;
				CLANG_WARN_BLOCK_CAPTURE_AUTORELEASING = YES;
				CLANG_WARN_BOOL_CONVERSION = YES;
				CLANG_WARN_COMMA = YES;
				CLANG_WARN_CONSTANT_CONVERSION = YES;
				CLANG_WARN_DEPRECATED_OBJC_IMPLEMENTATIONS = YES;
				CLANG_WARN_DIRECT_OBJC_ISA_USAGE = YES_ERROR;
				CLANG_WARN_DOCUMENTATION_COMMENTS = YES;
				CLANG_WARN_EMPTY_BODY = YES;
				CLANG_WARN_ENUM_CONVERSION = YES;
				CLANG_WARN_INFINITE_RECURSION = YES;
				CLANG_WARN_INT_CONVERSION = YES;
				CLANG_WARN_NON_LITERAL_NULL_CONVERSION = YES;
				CLANG_WARN_OBJC_IMPLICIT_RETAIN_SELF = YES;
				CLANG_WARN_OBJC_LITERAL_CONVERSION = YES;
				CLANG_WARN_OBJC_ROOT_CLASS = YES_ERROR;
				CLANG_WARN_QUOTED_INCLUDE_IN_FRAMEWORK_HEADER = YES;
				CLANG_WARN_RANGE_LOOP_ANALYSIS = YES;
				CLANG_WARN_STRICT_PROTOTYPES = YES;
				CLANG_WARN_SUSPICIOUS_MOVE = YES;
				CLANG_WARN_UNGUARDED_AVAILABILITY = YES_AGGRESSIVE;
				CLANG_WARN_UNREACHABLE_CODE = YES;
				CLANG_WARN__DUPLICATE_METHOD_MATCH = YES;
				COPY_PHASE_STRIP = NO;
				DEBUG_INFORMATION_FORMAT = "dwarf-with-dsym";
				ENABLE_NS_ASSERTIONS = NO;
				ENABLE_STRICT_OBJC_MSGSEND = YES;
				GCC_C_LANGUAGE_STANDARD = gnu11;
				GCC_NO_COMMON_BLOCKS = YES;
				GCC_WARN_64_TO_32_BIT_CONVERSION = YES;
				GCC_WARN_ABOUT_RETURN_TYPE = YES_ERROR;
				GCC_WARN_UNDECLARED_SELECTOR = YES;
				GCC_WARN_UNINITIALIZED_AUTOS = YES_AGGRESSIVE;
				GCC_WARN_UNUSED_FUNCTION = YES;
				GCC_WARN_UNUSED_VARIABLE = YES;
				IPHONEOS_DEPLOYMENT_TARGET = 16.0;
				MTL_ENABLE_DEBUG_INFO = NO;
				MTL_FAST_MATH = YES;
				SDKROOT = iphoneos;
				SWIFT_COMPILATION_MODE = wholemodule;
				SWIFT_OPTIMIZATION_LEVEL = "-O";
				VALIDATE_PRODUCT = YES;
			};
			name = Release;
		};
		7122939129A9D6CD00C2AD1C /* Debug */ = {
			isa = XCBuildConfiguration;
			buildSettings = {
				ASSETCATALOG_COMPILER_APPICON_NAME = AppIcon;
				ASSETCATALOG_COMPILER_GLOBAL_ACCENT_COLOR_NAME = AccentColor;
				CODE_SIGN_STYLE = Automatic;
				CURRENT_PROJECT_VERSION = 1;
				DEVELOPMENT_TEAM = RSVM964K7V;
				GENERATE_INFOPLIST_FILE = YES;
				INFOPLIST_FILE = gesture/Info.plist;
				INFOPLIST_KEY_NSCameraUsageDescription = "";
				INFOPLIST_KEY_UIApplicationSupportsIndirectInputEvents = YES;
				INFOPLIST_KEY_UILaunchStoryboardName = LaunchScreen;
				INFOPLIST_KEY_UIMainStoryboardFile = Main;
				INFOPLIST_KEY_UIRequiredDeviceCapabilities = arkit;
				INFOPLIST_KEY_UIStatusBarHidden = YES;
				INFOPLIST_KEY_UISupportedInterfaceOrientations_iPad = "UIInterfaceOrientationPortrait UIInterfaceOrientationPortraitUpsideDown UIInterfaceOrientationLandscapeLeft UIInterfaceOrientationLandscapeRight";
				INFOPLIST_KEY_UISupportedInterfaceOrientations_iPhone = "UIInterfaceOrientationPortrait UIInterfaceOrientationLandscapeLeft UIInterfaceOrientationLandscapeRight";
				LD_RUNPATH_SEARCH_PATHS = (
					"$(inherited)",
					"@executable_path/Frameworks",
				);
				MARKETING_VERSION = 1.0;
				PRODUCT_BUNDLE_IDENTIFIER = teambo.gesture.arya;
				PRODUCT_NAME = "$(TARGET_NAME)";
				SWIFT_EMIT_LOC_STRINGS = YES;
				SWIFT_VERSION = 5.0;
				TARGETED_DEVICE_FAMILY = "1,2";
			};
			name = Debug;
		};
		7122939229A9D6CD00C2AD1C /* Release */ = {
			isa = XCBuildConfiguration;
			buildSettings = {
				ASSETCATALOG_COMPILER_APPICON_NAME = AppIcon;
				ASSETCATALOG_COMPILER_GLOBAL_ACCENT_COLOR_NAME = AccentColor;
				CODE_SIGN_STYLE = Automatic;
				CURRENT_PROJECT_VERSION = 1;
				DEVELOPMENT_TEAM = RSVM964K7V;
				GENERATE_INFOPLIST_FILE = YES;
				INFOPLIST_FILE = gesture/Info.plist;
				INFOPLIST_KEY_NSCameraUsageDescription = "";
				INFOPLIST_KEY_UIApplicationSupportsIndirectInputEvents = YES;
				INFOPLIST_KEY_UILaunchStoryboardName = LaunchScreen;
				INFOPLIST_KEY_UIMainStoryboardFile = Main;
				INFOPLIST_KEY_UIRequiredDeviceCapabilities = arkit;
				INFOPLIST_KEY_UIStatusBarHidden = YES;
				INFOPLIST_KEY_UISupportedInterfaceOrientations_iPad = "UIInterfaceOrientationPortrait UIInterfaceOrientationPortraitUpsideDown UIInterfaceOrientationLandscapeLeft UIInterfaceOrientationLandscapeRight";
				INFOPLIST_KEY_UISupportedInterfaceOrientations_iPhone = "UIInterfaceOrientationPortrait UIInterfaceOrientationLandscapeLeft UIInterfaceOrientationLandscapeRight";
				LD_RUNPATH_SEARCH_PATHS = (
					"$(inherited)",
					"@executable_path/Frameworks",
				);
				MARKETING_VERSION = 1.0;
				PRODUCT_BUNDLE_IDENTIFIER = teambo.gesture.arya;
				PRODUCT_NAME = "$(TARGET_NAME)";
				SWIFT_EMIT_LOC_STRINGS = YES;
				SWIFT_VERSION = 5.0;
				TARGETED_DEVICE_FAMILY = "1,2";
			};
			name = Release;
		};
		7122939429A9D6CD00C2AD1C /* Debug */ = {
			isa = XCBuildConfiguration;
			buildSettings = {
				ALWAYS_EMBED_SWIFT_STANDARD_LIBRARIES = YES;
				BUNDLE_LOADER = "$(TEST_HOST)";
				CODE_SIGN_STYLE = Automatic;
				CURRENT_PROJECT_VERSION = 1;
				DEVELOPMENT_TEAM = S42WJWPTMB;
				GENERATE_INFOPLIST_FILE = YES;
				IPHONEOS_DEPLOYMENT_TARGET = 16.0;
				MARKETING_VERSION = 1.0;
				PRODUCT_BUNDLE_IDENTIFIER = teambo.gestureTests;
				PRODUCT_NAME = "$(TARGET_NAME)";
				SWIFT_EMIT_LOC_STRINGS = NO;
				SWIFT_VERSION = 5.0;
				TARGETED_DEVICE_FAMILY = "1,2";
				TEST_HOST = "$(BUILT_PRODUCTS_DIR)/gesture.app/$(BUNDLE_EXECUTABLE_FOLDER_PATH)/gesture";
			};
			name = Debug;
		};
		7122939529A9D6CD00C2AD1C /* Release */ = {
			isa = XCBuildConfiguration;
			buildSettings = {
				ALWAYS_EMBED_SWIFT_STANDARD_LIBRARIES = YES;
				BUNDLE_LOADER = "$(TEST_HOST)";
				CODE_SIGN_STYLE = Automatic;
				CURRENT_PROJECT_VERSION = 1;
				DEVELOPMENT_TEAM = S42WJWPTMB;
				GENERATE_INFOPLIST_FILE = YES;
				IPHONEOS_DEPLOYMENT_TARGET = 16.0;
				MARKETING_VERSION = 1.0;
				PRODUCT_BUNDLE_IDENTIFIER = teambo.gestureTests;
				PRODUCT_NAME = "$(TARGET_NAME)";
				SWIFT_EMIT_LOC_STRINGS = NO;
				SWIFT_VERSION = 5.0;
				TARGETED_DEVICE_FAMILY = "1,2";
				TEST_HOST = "$(BUILT_PRODUCTS_DIR)/gesture.app/$(BUNDLE_EXECUTABLE_FOLDER_PATH)/gesture";
			};
			name = Release;
		};
		7122939729A9D6CD00C2AD1C /* Debug */ = {
			isa = XCBuildConfiguration;
			buildSettings = {
				ALWAYS_EMBED_SWIFT_STANDARD_LIBRARIES = YES;
				CODE_SIGN_STYLE = Automatic;
				CURRENT_PROJECT_VERSION = 1;
				DEVELOPMENT_TEAM = S42WJWPTMB;
				GENERATE_INFOPLIST_FILE = YES;
				MARKETING_VERSION = 1.0;
				PRODUCT_BUNDLE_IDENTIFIER = teambo.gestureUITests;
				PRODUCT_NAME = "$(TARGET_NAME)";
				SWIFT_EMIT_LOC_STRINGS = NO;
				SWIFT_VERSION = 5.0;
				TARGETED_DEVICE_FAMILY = "1,2";
				TEST_TARGET_NAME = gesture;
			};
			name = Debug;
		};
		7122939829A9D6CD00C2AD1C /* Release */ = {
			isa = XCBuildConfiguration;
			buildSettings = {
				ALWAYS_EMBED_SWIFT_STANDARD_LIBRARIES = YES;
				CODE_SIGN_STYLE = Automatic;
				CURRENT_PROJECT_VERSION = 1;
				DEVELOPMENT_TEAM = S42WJWPTMB;
				GENERATE_INFOPLIST_FILE = YES;
				MARKETING_VERSION = 1.0;
				PRODUCT_BUNDLE_IDENTIFIER = teambo.gestureUITests;
				PRODUCT_NAME = "$(TARGET_NAME)";
				SWIFT_EMIT_LOC_STRINGS = NO;
				SWIFT_VERSION = 5.0;
				TARGETED_DEVICE_FAMILY = "1,2";
				TEST_TARGET_NAME = gesture;
			};
			name = Release;
		};
/* End XCBuildConfiguration section */

/* Begin XCConfigurationList section */
		7122936229A9D6CC00C2AD1C /* Build configuration list for PBXProject "gesture" */ = {
			isa = XCConfigurationList;
			buildConfigurations = (
				7122938E29A9D6CD00C2AD1C /* Debug */,
				7122938F29A9D6CD00C2AD1C /* Release */,
			);
			defaultConfigurationIsVisible = 0;
			defaultConfigurationName = Release;
		};
		7122939029A9D6CD00C2AD1C /* Build configuration list for PBXNativeTarget "gesture" */ = {
			isa = XCConfigurationList;
			buildConfigurations = (
				7122939129A9D6CD00C2AD1C /* Debug */,
				7122939229A9D6CD00C2AD1C /* Release */,
			);
			defaultConfigurationIsVisible = 0;
			defaultConfigurationName = Release;
		};
		7122939329A9D6CD00C2AD1C /* Build configuration list for PBXNativeTarget "gestureTests" */ = {
			isa = XCConfigurationList;
			buildConfigurations = (
				7122939429A9D6CD00C2AD1C /* Debug */,
				7122939529A9D6CD00C2AD1C /* Release */,
			);
			defaultConfigurationIsVisible = 0;
			defaultConfigurationName = Release;
		};
		7122939629A9D6CD00C2AD1C /* Build configuration list for PBXNativeTarget "gestureUITests" */ = {
			isa = XCConfigurationList;
			buildConfigurations = (
				7122939729A9D6CD00C2AD1C /* Debug */,
				7122939829A9D6CD00C2AD1C /* Release */,
			);
			defaultConfigurationIsVisible = 0;
			defaultConfigurationName = Release;
		};
/* End XCConfigurationList section */
	};
	rootObject = 7122935F29A9D6CC00C2AD1C /* Project object */;
}
